Microsoft Visual Studio Solution File, Format Version 11.00
# Visual Studio 2008

Project("{33B484C4-7C3E-1841-6E65-19434506D6FF}") = "POSH-Unity", "Assembly-CSharp-firstpass.csproj", "{9009A1AF-2C76-A9A6-2063-A33C776B4CE4}"
EndProject
Project("{33B484C4-7C3E-1841-6E65-19434506D6FF}") = "POSH-Unity", "Assembly-CSharp.csproj", "{E65D93AD-058B-DB56-E224-A66ABD827378}"
EndProject
Global
	GlobalSection(SolutionConfigurationPlatforms) = preSolution
		Debug|Any CPU = Debug|Any CPU
		Release|Any CPU = Release|Any CPU
	EndGlobalSection
	GlobalSection(ProjectConfigurationPlatforms) = postSolution
		{9009A1AF-2C76-A9A6-2063-A33C776B4CE4}.Debug|Any CPU.ActiveCfg = Debug|Any CPU
		{9009A1AF-2C76-A9A6-2063-A33C776B4CE4}.Debug|Any CPU.Build.0 = Debug|Any CPU
		{9009A1AF-2C76-A9A6-2063-A33C776B4CE4}.Release|Any CPU.ActiveCfg = Release|Any CPU
		{9009A1AF-2C76-A9A6-2063-A33C776B4CE4}.Release|Any CPU.Build.0 = Release|Any CPU
		{E65D93AD-058B-DB56-E224-A66ABD827378}.Debug|Any CPU.ActiveCfg = Debug|Any CPU
		{E65D93AD-058B-DB56-E224-A66ABD827378}.Debug|Any CPU.Build.0 = Debug|Any CPU
		{E65D93AD-058B-DB56-E224-A66ABD827378}.Release|Any CPU.ActiveCfg = Release|Any CPU
		{E65D93AD-058B-DB56-E224-A66ABD827378}.Release|Any CPU.Build.0 = Release|Any CPU
	EndGlobalSection
	GlobalSection(SolutionProperties) = preSolution
		HideSolutionNode = FALSE
	EndGlobalSection
																															GlobalSection(MonoDevelopProperties) = preSolution
		StartupItem = Assembly-CSharp.csproj
		Policies = $0
		$0.TextStylePolicy = $1
		$1.inheritsSet = null
		$1.scope = text/x-csharp
		$0.CSharpFormattingPolicy = $2
		$2.inheritsSet = Mono
		$2.inheritsScope = text/x-csharp
		$2.scope = text/x-csharp
		$0.TextStylePolicy = $3
		$3.FileWidth = 120
		$3.TabWidth = 4
		$3.EolMarker = Unix
		$3.inheritsSet = Mono
		$3.inheritsScope = text/plain
		$3.scope = text/plain
	EndGlobalSection

EndGlobal
